{
    "version": 3,
    "terraform_version": "0.11.10",
    "serial": 10,
    "lineage": "24afc3cf-69da-8436-1c66-69fe254d3bac",
    "modules": [
        {
            "path": [
                "root"
            ],
            "outputs": {
                "manager_join_token": {
                    "sensitive": false,
                    "type": "string",
                    "value": "SWMTKN-1-5ue06cowwkqvs5b9dcl1ye4jxmaxykoq3drj9itbrlym6bzudy-73onkgmm8ybije826fjsvzyl6 10.132.75.250"
                },
                "public_ip": {
                    "sensitive": false,
                    "type": "string",
                    "value": "159.89.179.205"
                },
                "worker_join_token": {
                    "sensitive": false,
                    "type": "string",
                    "value": "SWMTKN-1-5ue06cowwkqvs5b9dcl1ye4jxmaxykoq3drj9itbrlym6bzudy-1xll6g6dh0trac5k359i7a6s9 10.132.75.250"
                }
            },
            "resources": {
                "data.external.swarm_join_token": {
                    "type": "external",
                    "depends_on": [
                        "digitalocean_droplet.cluster_master"
                    ],
                    "primary": {
                        "id": "-",
                        "attributes": {
                            "id": "-",
                            "program.#": "2",
                            "program.0": "bash",
                            "program.1": "/Users/Connor/dotfiles/infra/scripts/fetch_join_token.sh",
                            "query.%": "1",
                            "query.host": "159.89.179.205",
                            "result.%": "2",
                            "result.manager": "SWMTKN-1-5ue06cowwkqvs5b9dcl1ye4jxmaxykoq3drj9itbrlym6bzudy-73onkgmm8ybije826fjsvzyl6",
                            "result.worker": "SWMTKN-1-5ue06cowwkqvs5b9dcl1ye4jxmaxykoq3drj9itbrlym6bzudy-1xll6g6dh0trac5k359i7a6s9"
                        },
                        "meta": {},
                        "tainted": false
                    },
                    "deposed": [],
                    "provider": "provider.external"
                },
                "digitalocean_droplet.cluster_master": {
                    "type": "digitalocean_droplet",
                    "depends_on": [
                        "digitalocean_ssh_key.cluster_key",
                        "digitalocean_tag.exposed_cluster_machine"
                    ],
                    "primary": {
                        "id": "121386066",
                        "attributes": {
                            "backups": "false",
                            "disk": "20",
                            "id": "121386066",
                            "image": "ubuntu-16-04-x64",
                            "ipv4_address": "159.89.179.205",
                            "ipv4_address_private": "10.132.75.250",
                            "ipv6": "true",
                            "ipv6_address": "2604:a880:0800:00a1:0000:0000:12b7:f001",
                            "ipv6_address_private": "",
                            "locked": "false",
                            "memory": "512",
                            "monitoring": "false",
                            "name": "cluster-master",
                            "price_hourly": "0.00744",
                            "price_monthly": "5",
                            "private_networking": "true",
                            "region": "nyc3",
                            "resize_disk": "true",
                            "size": "512mb",
                            "ssh_keys.#": "1",
                            "ssh_keys.1407403564": "23632173",
                            "status": "active",
                            "tags.#": "1",
                            "tags.4212081963": "exposed_cluster_machine",
                            "vcpus": "1",
                            "volume_ids.#": "0"
                        },
                        "meta": {
                            "schema_version": "1"
                        },
                        "tainted": false
                    },
                    "deposed": [],
                    "provider": "provider.digitalocean"
                },
                "digitalocean_droplet.cluster_worker": {
                    "type": "digitalocean_droplet",
                    "depends_on": [
                        "data.external.swarm_join_token",
                        "digitalocean_droplet.cluster_master",
                        "digitalocean_ssh_key.cluster_key",
                        "digitalocean_volume.docker_registry_storage",
                        "digitalocean_volume.git_storage"
                    ],
                    "primary": {
                        "id": "121388718",
                        "attributes": {
                            "backups": "false",
                            "disk": "20",
                            "id": "121388718",
                            "image": "ubuntu-16-04-x64",
                            "ipv4_address": "68.183.61.105",
                            "ipv4_address_private": "10.132.158.127",
                            "ipv6": "false",
                            "ipv6_address": "",
                            "ipv6_address_private": "",
                            "locked": "false",
                            "memory": "512",
                            "monitoring": "false",
                            "name": "cluster-worker-0",
                            "price_hourly": "0.00744",
                            "price_monthly": "5",
                            "private_networking": "true",
                            "region": "nyc3",
                            "resize_disk": "true",
                            "size": "512mb",
                            "ssh_keys.#": "1",
                            "ssh_keys.1407403564": "23632173",
                            "status": "active",
                            "tags.#": "0",
                            "vcpus": "1",
                            "volume_ids.#": "2",
                            "volume_ids.1528213799": "6622f009-f5b9-11e8-9a6c-0a58ac146ca7",
                            "volume_ids.2263563893": "65f7aa2c-f5b9-11e8-9a6c-0a58ac146ca7"
                        },
                        "meta": {
                            "schema_version": "1"
                        },
                        "tainted": false
                    },
                    "deposed": [],
                    "provider": "provider.digitalocean"
                },
                "digitalocean_ssh_key.cluster_key": {
                    "type": "digitalocean_ssh_key",
                    "depends_on": [],
                    "primary": {
                        "id": "23632173",
                        "attributes": {
                            "fingerprint": "c1:13:d8:cc:54:da:76:48:ed:4b:da:58:f7:73:67:46",
                            "id": "23632173",
                            "name": "catherton-cluster",
                            "public_key": "ssh-rsa AAAAB3NzaC1yc2EAAAADAQABAAACAQDMjIm+u8oWkeqKUe3MNmtrfZwnefCLBkhz2lnrSAWQulqQ8J5sHaLZQ0pRirn36klfUoToLnA/tABMe4pSm4dwsV/v7TJh4FpiThKm2xiBwCJrlq2AOQw+fp/xETwphadkmtp/FuktqmhIQrm/RzKaLsAHXrhBM2Rt5M/XCa09WuQXTDGHUupNBhvMRohz7Fgpi/oEK80j7gAifc+21m2ysrP8LElk0vPlzVnw7Jdw3hjKA5H9RXDuC2+vpmfC0uoT5783SFpcmYQxtuXNltOt1Ayz+K5zP8jWLfr4blezkniI50uEYtyB+p2UtfIpV3o5XceOd453derglaZv6isF6asI5pSi7ui0wPNeNqR/DaAk2S60+B+smiuSvIa6cspBlrbNPihZ0MI9IHmCBh1zEQ9/3OHglBIMB7Bq2Cuf8wU25LXAXba3r41cfP35eOcgGhMPxbeTZtm93qdd6aIASdWGJOFoNVKbANwb8Pbyg6nZt/rIadfaH/hWja17JDHL7qwfE26A5MkrQGrm+C+yIOEc9IAPXSGLOKC/dpXojhcFFbkVLC7rh/8w31jITs6mDKXq9MgLrA7LkOAc8tvLXr+WZSHH89bjtqlmcuweDL006ZUQhLVHWIBCNNH6ZL7KxYH7BvoSObrGHuGVY5VN2l4s6JFkkBYpJaVdbVCsuQ== personal-infra"
                        },
                        "meta": {},
                        "tainted": false
                    },
                    "deposed": [],
                    "provider": "provider.digitalocean"
                },
                "digitalocean_tag.exposed_cluster_machine": {
                    "type": "digitalocean_tag",
                    "depends_on": [],
                    "primary": {
                        "id": "exposed_cluster_machine",
                        "attributes": {
                            "id": "exposed_cluster_machine",
                            "name": "exposed_cluster_machine"
                        },
                        "meta": {},
                        "tainted": false
                    },
                    "deposed": [],
                    "provider": "provider.digitalocean"
                },
                "digitalocean_tag.persistent_cluster_machine": {
                    "type": "digitalocean_tag",
                    "depends_on": [],
                    "primary": {
                        "id": "persistent_cluster_machine",
                        "attributes": {
                            "id": "persistent_cluster_machine",
                            "name": "persistent_cluster_machine"
                        },
                        "meta": {},
                        "tainted": false
                    },
                    "deposed": [],
                    "provider": "provider.digitalocean"
                },
                "digitalocean_volume.docker_registry_storage": {
                    "type": "digitalocean_volume",
                    "depends_on": [],
                    "primary": {
                        "id": "6622f009-f5b9-11e8-9a6c-0a58ac146ca7",
                        "attributes": {
                            "droplet_ids.#": "1",
                            "droplet_ids.343578278": "121386801",
                            "id": "6622f009-f5b9-11e8-9a6c-0a58ac146ca7",
                            "name": "docker_registry_storage",
                            "region": "nyc3",
                            "size": "100"
                        },
                        "meta": {},
                        "tainted": false
                    },
                    "deposed": [],
                    "provider": "provider.digitalocean"
                },
                "digitalocean_volume.git_storage": {
                    "type": "digitalocean_volume",
                    "depends_on": [],
                    "primary": {
                        "id": "65f7aa2c-f5b9-11e8-9a6c-0a58ac146ca7",
                        "attributes": {
                            "droplet_ids.#": "1",
                            "droplet_ids.343578278": "121386801",
                            "id": "65f7aa2c-f5b9-11e8-9a6c-0a58ac146ca7",
                            "name": "git_storage",
                            "region": "nyc3",
                            "size": "100"
                        },
                        "meta": {},
                        "tainted": false
                    },
                    "deposed": [],
                    "provider": "provider.digitalocean"
                }
            },
            "depends_on": []
        }
    ]
}
