{
    "version": 3,
    "terraform_version": "0.11.10",
    "serial": 7,
    "lineage": "f7bb0da9-0aa2-cfd3-d29b-3d86c037fcd1",
    "modules": [
        {
            "path": [
                "root"
            ],
            "outputs": {
                "public_ip": {
                    "sensitive": false,
                    "type": "string",
                    "value": "142.93.71.135"
                }
            },
            "resources": {
                "data.external.swarm_join_token": {
                    "type": "external",
                    "depends_on": [
                        "digitalocean_droplet.cluster_master"
                    ],
                    "primary": {
                        "id": "-",
                        "attributes": {
                            "id": "-",
                            "program.#": "2",
                            "program.0": "bash",
                            "program.1": "/Users/Connor/dotfiles/infra/scripts/fetch_join_token.sh",
                            "query.%": "1",
                            "query.host": "142.93.71.135",
                            "result.%": "2",
                            "result.manager": "SWMTKN-1-4ti4f4pw0db89e5moex76j78yfhit4dt217d6rgb79w2qljgs8-0m63qi9fz2qhl2580r1fsl7z4",
                            "result.worker": "SWMTKN-1-4ti4f4pw0db89e5moex76j78yfhit4dt217d6rgb79w2qljgs8-erx3okbzwpy317ol1qsymyp19"
                        },
                        "meta": {},
                        "tainted": false
                    },
                    "deposed": [],
                    "provider": "provider.external"
                },
                "digitalocean_droplet.cluster_master": {
                    "type": "digitalocean_droplet",
                    "depends_on": [
                        "digitalocean_ssh_key.cluster_key",
                        "digitalocean_tag.exposed_cluster_machine"
                    ],
                    "primary": {
                        "id": "121410288",
                        "attributes": {
                            "backups": "false",
                            "disk": "20",
                            "id": "121410288",
                            "image": "ubuntu-16-04-x64",
                            "ipv4_address": "142.93.71.135",
                            "ipv4_address_private": "10.132.159.168",
                            "ipv6": "true",
                            "ipv6_address": "2604:a880:800:c1::65:8001",
                            "ipv6_address_private": "",
                            "locked": "false",
                            "memory": "512",
                            "monitoring": "false",
                            "name": "cluster-master",
                            "price_hourly": "0.00744",
                            "price_monthly": "5",
                            "private_networking": "true",
                            "region": "nyc3",
                            "resize_disk": "true",
                            "size": "512mb",
                            "ssh_keys.#": "1",
                            "ssh_keys.2063011961": "23632845",
                            "status": "active",
                            "tags.#": "1",
                            "tags.4212081963": "exposed_cluster_machine",
                            "vcpus": "1",
                            "volume_ids.#": "0"
                        },
                        "meta": {
                            "schema_version": "1"
                        },
                        "tainted": false
                    },
                    "deposed": [],
                    "provider": "provider.digitalocean"
                },
                "digitalocean_droplet.cluster_worker": {
                    "type": "digitalocean_droplet",
                    "depends_on": [
                        "data.external.swarm_join_token",
                        "digitalocean_droplet.cluster_master",
                        "digitalocean_ssh_key.cluster_key",
                        "digitalocean_volume.docker_registry_storage",
                        "digitalocean_volume.git_storage"
                    ],
                    "primary": {
                        "id": "121410450",
                        "attributes": {
                            "backups": "false",
                            "disk": "20",
                            "id": "121410450",
                            "image": "ubuntu-16-04-x64",
                            "ipv4_address": "104.248.10.210",
                            "ipv4_address_private": "10.132.159.242",
                            "ipv6": "false",
                            "ipv6_address": "",
                            "ipv6_address_private": "",
                            "locked": "false",
                            "memory": "512",
                            "monitoring": "false",
                            "name": "cluster-worker-0",
                            "price_hourly": "0.00744",
                            "price_monthly": "5",
                            "private_networking": "true",
                            "region": "nyc3",
                            "resize_disk": "true",
                            "size": "512mb",
                            "ssh_keys.#": "1",
                            "ssh_keys.2063011961": "23632845",
                            "status": "active",
                            "tags.#": "0",
                            "user_data": "087e9f377ca73000c351afb1c17b5e8e5eb71bb1",
                            "vcpus": "1",
                            "volume_ids.#": "2",
                            "volume_ids.1534351501": "2d78966d-f5e4-11e8-9a6c-0a58ac146ca7",
                            "volume_ids.3191781163": "2d7a7db3-f5e4-11e8-9a6c-0a58ac146ca7"
                        },
                        "meta": {
                            "schema_version": "1"
                        },
                        "tainted": false
                    },
                    "deposed": [],
                    "provider": "provider.digitalocean"
                },
                "digitalocean_ssh_key.cluster_key": {
                    "type": "digitalocean_ssh_key",
                    "depends_on": [],
                    "primary": {
                        "id": "23632845",
                        "attributes": {
                            "fingerprint": "c1:13:d8:cc:54:da:76:48:ed:4b:da:58:f7:73:67:46",
                            "id": "23632845",
                            "name": "catherton-cluster",
                            "public_key": "ssh-rsa AAAAB3NzaC1yc2EAAAADAQABAAACAQDMjIm+u8oWkeqKUe3MNmtrfZwnefCLBkhz2lnrSAWQulqQ8J5sHaLZQ0pRirn36klfUoToLnA/tABMe4pSm4dwsV/v7TJh4FpiThKm2xiBwCJrlq2AOQw+fp/xETwphadkmtp/FuktqmhIQrm/RzKaLsAHXrhBM2Rt5M/XCa09WuQXTDGHUupNBhvMRohz7Fgpi/oEK80j7gAifc+21m2ysrP8LElk0vPlzVnw7Jdw3hjKA5H9RXDuC2+vpmfC0uoT5783SFpcmYQxtuXNltOt1Ayz+K5zP8jWLfr4blezkniI50uEYtyB+p2UtfIpV3o5XceOd453derglaZv6isF6asI5pSi7ui0wPNeNqR/DaAk2S60+B+smiuSvIa6cspBlrbNPihZ0MI9IHmCBh1zEQ9/3OHglBIMB7Bq2Cuf8wU25LXAXba3r41cfP35eOcgGhMPxbeTZtm93qdd6aIASdWGJOFoNVKbANwb8Pbyg6nZt/rIadfaH/hWja17JDHL7qwfE26A5MkrQGrm+C+yIOEc9IAPXSGLOKC/dpXojhcFFbkVLC7rh/8w31jITs6mDKXq9MgLrA7LkOAc8tvLXr+WZSHH89bjtqlmcuweDL006ZUQhLVHWIBCNNH6ZL7KxYH7BvoSObrGHuGVY5VN2l4s6JFkkBYpJaVdbVCsuQ== personal-infra"
                        },
                        "meta": {},
                        "tainted": false
                    },
                    "deposed": [],
                    "provider": "provider.digitalocean"
                },
                "digitalocean_tag.exposed_cluster_machine": {
                    "type": "digitalocean_tag",
                    "depends_on": [],
                    "primary": {
                        "id": "exposed_cluster_machine",
                        "attributes": {
                            "id": "exposed_cluster_machine",
                            "name": "exposed_cluster_machine"
                        },
                        "meta": {},
                        "tainted": false
                    },
                    "deposed": [],
                    "provider": "provider.digitalocean"
                },
                "digitalocean_tag.persistent_cluster_machine": {
                    "type": "digitalocean_tag",
                    "depends_on": [],
                    "primary": {
                        "id": "persistent_cluster_machine",
                        "attributes": {
                            "id": "persistent_cluster_machine",
                            "name": "persistent_cluster_machine"
                        },
                        "meta": {},
                        "tainted": false
                    },
                    "deposed": [],
                    "provider": "provider.digitalocean"
                },
                "digitalocean_volume.docker_registry_storage": {
                    "type": "digitalocean_volume",
                    "depends_on": [],
                    "primary": {
                        "id": "2d7a7db3-f5e4-11e8-9a6c-0a58ac146ca7",
                        "attributes": {
                            "droplet_ids.#": "0",
                            "filesystem_type": "ext4",
                            "id": "2d7a7db3-f5e4-11e8-9a6c-0a58ac146ca7",
                            "initial_filesystem_type": "ext4",
                            "name": "docker_registry_storage",
                            "region": "nyc3",
                            "size": "100"
                        },
                        "meta": {},
                        "tainted": false
                    },
                    "deposed": [],
                    "provider": "provider.digitalocean"
                },
                "digitalocean_volume.git_storage": {
                    "type": "digitalocean_volume",
                    "depends_on": [],
                    "primary": {
                        "id": "2d78966d-f5e4-11e8-9a6c-0a58ac146ca7",
                        "attributes": {
                            "droplet_ids.#": "0",
                            "filesystem_type": "ext4",
                            "id": "2d78966d-f5e4-11e8-9a6c-0a58ac146ca7",
                            "initial_filesystem_type": "ext4",
                            "name": "git_storage",
                            "region": "nyc3",
                            "size": "100"
                        },
                        "meta": {},
                        "tainted": false
                    },
                    "deposed": [],
                    "provider": "provider.digitalocean"
                }
            },
            "depends_on": []
        }
    ]
}
